{
  "name": "nodecord",
  "version": "1.0.0",
  "lockfileVersion": 1,
  "requires": true,
  "dependencies": {
    "events": {
      "version": "3.0.0",
      "resolved": "https://registry.npmjs.org/events/-/events-3.0.0.tgz",
      "integrity": "sha512-Dc381HFWJzEOhQ+d8pkNon++bk9h6cdAoAj4iE6Q4y6xgTzySWXlKn05/TVNpjnfRqi/X0EpJEJohPjNI3zpVA=="
    },
    "phin": {
      "version": "2.9.2",
      "resolved": "https://registry.npmjs.org/phin/-/phin-2.9.2.tgz",
      "integrity": "sha512-j+UOz1qs+k8NlBRws2IF+Qd+YsVKcqIjvYPBEP9IpmhyvLvyN6GTuqsGbsqH3fIgHufqVqLQSttidIgshkgT7w=="
    }
  }
}
